// !$*UTF8*$!
{
	archiveVersion = 1;
	classes = {
	};
	objectVersion = 55;
	objects = {

/* Begin PBXBuildFile section */
		EF810BF827CF20F800E51723 /* AppDelegate.swift in Sources */ = {isa = PBXBuildFile; fileRef = EF810BF727CF20F800E51723 /* AppDelegate.swift */; };
		EF810BFA27CF20F800E51723 /* SceneDelegate.swift in Sources */ = {isa = PBXBuildFile; fileRef = EF810BF927CF20F800E51723 /* SceneDelegate.swift */; };
		EF810BFC27CF20F800E51723 /* ViewController.swift in Sources */ = {isa = PBXBuildFile; fileRef = EF810BFB27CF20F800E51723 /* ViewController.swift */; };
		EF810C0127CF20F900E51723 /* Assets.xcassets in Resources */ = {isa = PBXBuildFile; fileRef = EF810C0027CF20F900E51723 /* Assets.xcassets */; };
		EF810C0427CF20F900E51723 /* LaunchScreen.storyboard in Resources */ = {isa = PBXBuildFile; fileRef = EF810C0227CF20F900E51723 /* LaunchScreen.storyboard */; };
		EF810C0F27CF20FA00E51723 /* CustomTableViewTests.swift in Sources */ = {isa = PBXBuildFile; fileRef = EF810C0E27CF20FA00E51723 /* CustomTableViewTests.swift */; };
		EF810C1927CF20FA00E51723 /* CustomTableViewUITests.swift in Sources */ = {isa = PBXBuildFile; fileRef = EF810C1827CF20FA00E51723 /* CustomTableViewUITests.swift */; };
		EF810C1B27CF20FA00E51723 /* CustomTableViewUITestsLaunchTests.swift in Sources */ = {isa = PBXBuildFile; fileRef = EF810C1A27CF20FA00E51723 /* CustomTableViewUITestsLaunchTests.swift */; };
		EF810C2827CF40CA00E51723 /* Main.storyboard in Resources */ = {isa = PBXBuildFile; fileRef = EF810C2727CF40CA00E51723 /* Main.storyboard */; };
		EF810C2A27CF6E8000E51723 /* ExpandableNames.swift in Sources */ = {isa = PBXBuildFile; fileRef = EF810C2927CF6E8000E51723 /* ExpandableNames.swift */; };
		EF810C2C27CF73C300E51723 /* ContactCell.swift in Sources */ = {isa = PBXBuildFile; fileRef = EF810C2B27CF73C300E51723 /* ContactCell.swift */; };
/* End PBXBuildFile section */

/* Begin PBXContainerItemProxy section */
		EF810C0B27CF20FA00E51723 /* PBXContainerItemProxy */ = {
			isa = PBXContainerItemProxy;
			containerPortal = EF810BEC27CF20F800E51723 /* Project object */;
			proxyType = 1;
			remoteGlobalIDString = EF810BF327CF20F800E51723;
			remoteInfo = CustomTableView;
		};
		EF810C1527CF20FA00E51723 /* PBXContainerItemProxy */ = {
			isa = PBXContainerItemProxy;
			containerPortal = EF810BEC27CF20F800E51723 /* Project object */;
			proxyType = 1;
			remoteGlobalIDString = EF810BF327CF20F800E51723;
			remoteInfo = CustomTableView;
		};
/* End PBXContainerItemProxy section */

/* Begin PBXFileReference section */
		EF810BF427CF20F800E51723 /* CustomTableView.app */ = {isa = PBXFileReference; explicitFileType = wrapper.application; includeInIndex = 0; path = CustomTableView.app; sourceTree = BUILT_PRODUCTS_DIR; };
		EF810BF727CF20F800E51723 /* AppDelegate.swift */ = {isa = PBXFileReference; lastKnownFileType = sourcecode.swift; path = AppDelegate.swift; sourceTree = "<group>"; };
		EF810BF927CF20F800E51723 /* SceneDelegate.swift */ = {isa = PBXFileReference; lastKnownFileType = sourcecode.swift; path = SceneDelegate.swift; sourceTree = "<group>"; };
		EF810BFB27CF20F800E51723 /* ViewController.swift */ = {isa = PBXFileReference; lastKnownFileType = sourcecode.swift; path = ViewController.swift; sourceTree = "<group>"; };
		EF810C0027CF20F900E51723 /* Assets.xcassets */ = {isa = PBXFileReference; lastKnownFileType = folder.assetcatalog; path = Assets.xcassets; sourceTree = "<group>"; };
		EF810C0327CF20F900E51723 /* Base */ = {isa = PBXFileReference; lastKnownFileType = file.storyboard; name = Base; path = Base.lproj/LaunchScreen.storyboard; sourceTree = "<group>"; };
		EF810C0527CF20F900E51723 /* Info.plist */ = {isa = PBXFileReference; lastKnownFileType = text.plist.xml; path = Info.plist; sourceTree = "<group>"; };
		EF810C0A27CF20FA00E51723 /* CustomTableViewTests.xctest */ = {isa = PBXFileReference; explicitFileType = wrapper.cfbundle; includeInIndex = 0; path = CustomTableViewTests.xctest; sourceTree = BUILT_PRODUCTS_DIR; };
		EF810C0E27CF20FA00E51723 /* CustomTableViewTests.swift */ = {isa = PBXFileReference; lastKnownFileType = sourcecode.swift; path = CustomTableViewTests.swift; sourceTree = "<group>"; };
		EF810C1427CF20FA00E51723 /* CustomTableViewUITests.xctest */ = {isa = PBXFileReference; explicitFileType = wrapper.cfbundle; includeInIndex = 0; path = CustomTableViewUITests.xctest; sourceTree = BUILT_PRODUCTS_DIR; };
		EF810C1827CF20FA00E51723 /* CustomTableViewUITests.swift */ = {isa = PBXFileReference; lastKnownFileType = sourcecode.swift; path = CustomTableViewUITests.swift; sourceTree = "<group>"; };
		EF810C1A27CF20FA00E51723 /* CustomTableViewUITestsLaunchTests.swift */ = {isa = PBXFileReference; lastKnownFileType = sourcecode.swift; path = CustomTableViewUITestsLaunchTests.swift; sourceTree = "<group>"; };
		EF810C2727CF40CA00E51723 /* Main.storyboard */ = {isa = PBXFileReference; lastKnownFileType = file.storyboard; path = Main.storyboard; sourceTree = "<group>"; };
		EF810C2927CF6E8000E51723 /* ExpandableNames.swift */ = {isa = PBXFileReference; lastKnownFileType = sourcecode.swift; path = ExpandableNames.swift; sourceTree = "<group>"; };
		EF810C2B27CF73C300E51723 /* ContactCell.swift */ = {isa = PBXFileReference; lastKnownFileType = sourcecode.swift; path = ContactCell.swift; sourceTree = "<group>"; };
/* End PBXFileReference section */

/* Begin PBXFrameworksBuildPhase section */
		EF810BF127CF20F800E51723 /* Frameworks */ = {
			isa = PBXFrameworksBuildPhase;
			buildActionMask = 2147483647;
			files = (
			);
			runOnlyForDeploymentPostprocessing = 0;
		};
		EF810C0727CF20FA00E51723 /* Frameworks */ = {
			isa = PBXFrameworksBuildPhase;
			buildActionMask = 2147483647;
			files = (
			);
			runOnlyForDeploymentPostprocessing = 0;
		};
		EF810C1127CF20FA00E51723 /* Frameworks */ = {
			isa = PBXFrameworksBuildPhase;
			buildActionMask = 2147483647;
			files = (
			);
			runOnlyForDeploymentPostprocessing = 0;
		};
/* End PBXFrameworksBuildPhase section */

/* Begin PBXGroup section */
		EF810BEB27CF20F800E51723 = {
			isa = PBXGroup;
			children = (
				EF810C2B27CF73C300E51723 /* ContactCell.swift */,
				EF810C2927CF6E8000E51723 /* ExpandableNames.swift */,
				EF810BF627CF20F800E51723 /* CustomTableView */,
				EF810C0D27CF20FA00E51723 /* CustomTableViewTests */,
				EF810C1727CF20FA00E51723 /* CustomTableViewUITests */,
				EF810BF527CF20F800E51723 /* Products */,
			);
			sourceTree = "<group>";
		};
		EF810BF527CF20F800E51723 /* Products */ = {
			isa = PBXGroup;
			children = (
				EF810BF427CF20F800E51723 /* CustomTableView.app */,
				EF810C0A27CF20FA00E51723 /* CustomTableViewTests.xctest */,
				EF810C1427CF20FA00E51723 /* CustomTableViewUITests.xctest */,
			);
			name = Products;
			sourceTree = "<group>";
		};
		EF810BF627CF20F800E51723 /* CustomTableView */ = {
			isa = PBXGroup;
			children = (
				EF810BF727CF20F800E51723 /* AppDelegate.swift */,
				EF810C2727CF40CA00E51723 /* Main.storyboard */,
				EF810BF927CF20F800E51723 /* SceneDelegate.swift */,
				EF810BFB27CF20F800E51723 /* ViewController.swift */,
				EF810C0027CF20F900E51723 /* Assets.xcassets */,
				EF810C0227CF20F900E51723 /* LaunchScreen.storyboard */,
				EF810C0527CF20F900E51723 /* Info.plist */,
			);
			path = CustomTableView;
			sourceTree = "<group>";
		};
		EF810C0D27CF20FA00E51723 /* CustomTableViewTests */ = {
			isa = PBXGroup;
			children = (
				EF810C0E27CF20FA00E51723 /* CustomTableViewTests.swift */,
			);
			path = CustomTableViewTests;
			sourceTree = "<group>";
		};
		EF810C1727CF20FA00E51723 /* CustomTableViewUITests */ = {
			isa = PBXGroup;
			children = (
				EF810C1827CF20FA00E51723 /* CustomTableViewUITests.swift */,
				EF810C1A27CF20FA00E51723 /* CustomTableViewUITestsLaunchTests.swift */,
			);
			path = CustomTableViewUITests;
			sourceTree = "<group>";
		};
/* End PBXGroup section */

/* Begin PBXNativeTarget section */
		EF810BF327CF20F800E51723 /* CustomTableView */ = {
			isa = PBXNativeTarget;
			buildConfigurationList = EF810C1E27CF20FA00E51723 /* Build configuration list for PBXNativeTarget "CustomTableView" */;
			buildPhases = (
				EF810BF027CF20F800E51723 /* Sources */,
				EF810BF127CF20F800E51723 /* Frameworks */,
				EF810BF227CF20F800E51723 /* Resources */,
			);
			buildRules = (
			);
			dependencies = (
			);
			name = CustomTableView;
			productName = CustomTableView;
			productReference = EF810BF427CF20F800E51723 /* CustomTableView.app */;
			productType = "com.apple.product-type.application";
		};
		EF810C0927CF20FA00E51723 /* CustomTableViewTests */ = {
			isa = PBXNativeTarget;
			buildConfigurationList = EF810C2127CF20FA00E51723 /* Build configuration list for PBXNativeTarget "CustomTableViewTests" */;
			buildPhases = (
				EF810C0627CF20FA00E51723 /* Sources */,
				EF810C0727CF20FA00E51723 /* Frameworks */,
				EF810C0827CF20FA00E51723 /* Resources */,
			);
			buildRules = (
			);
			dependencies = (
				EF810C0C27CF20FA00E51723 /* PBXTargetDependency */,
			);
			name = CustomTableViewTests;
			productName = CustomTableViewTests;
			productReference = EF810C0A27CF20FA00E51723 /* CustomTableViewTests.xctest */;
			productType = "com.apple.product-type.bundle.unit-test";
		};
		EF810C1327CF20FA00E51723 /* CustomTableViewUITests */ = {
			isa = PBXNativeTarget;
			buildConfigurationList = EF810C2427CF20FA00E51723 /* Build configuration list for PBXNativeTarget "CustomTableViewUITests" */;
			buildPhases = (
				EF810C1027CF20FA00E51723 /* Sources */,
				EF810C1127CF20FA00E51723 /* Frameworks */,
				EF810C1227CF20FA00E51723 /* Resources */,
			);
			buildRules = (
			);
			dependencies = (
				EF810C1627CF20FA00E51723 /* PBXTargetDependency */,
			);
			name = CustomTableViewUITests;
			productName = CustomTableViewUITests;
			productReference = EF810C1427CF20FA00E51723 /* CustomTableViewUITests.xctest */;
			productType = "com.apple.product-type.bundle.ui-testing";
		};
/* End PBXNativeTarget section */

/* Begin PBXProject section */
		EF810BEC27CF20F800E51723 /* Project object */ = {
			isa = PBXProject;
			attributes = {
				BuildIndependentTargetsInParallel = 1;
				LastSwiftUpdateCheck = 1320;
				LastUpgradeCheck = 1320;
				TargetAttributes = {
					EF810BF327CF20F800E51723 = {
						CreatedOnToolsVersion = 13.2.1;
					};
					EF810C0927CF20FA00E51723 = {
						CreatedOnToolsVersion = 13.2.1;
						TestTargetID = EF810BF327CF20F800E51723;
					};
					EF810C1327CF20FA00E51723 = {
						CreatedOnToolsVersion = 13.2.1;
						TestTargetID = EF810BF327CF20F800E51723;
					};
				};
			};
			buildConfigurationList = EF810BEF27CF20F800E51723 /* Build configuration list for PBXProject "CustomTableView" */;
			compatibilityVersion = "Xcode 13.0";
			developmentRegion = en;
			hasScannedForEncodings = 0;
			knownRegions = (
				en,
				Base,
			);
			mainGroup = EF810BEB27CF20F800E51723;
			productRefGroup = EF810BF527CF20F800E51723 /* Products */;
			projectDirPath = "";
			projectRoot = "";
			targets = (
				EF810BF327CF20F800E51723 /* CustomTableView */,
				EF810C0927CF20FA00E51723 /* CustomTableViewTests */,
				EF810C1327CF20FA00E51723 /* CustomTableViewUITests */,
			);
		};
/* End PBXProject section */

/* Begin PBXResourcesBuildPhase section */
		EF810BF227CF20F800E51723 /* Resources */ = {
			isa = PBXResourcesBuildPhase;
			buildActionMask = 2147483647;
			files = (
				EF810C2827CF40CA00E51723 /* Main.storyboard in Resources */,
				EF810C0427CF20F900E51723 /* LaunchScreen.storyboard in Resources */,
				EF810C0127CF20F900E51723 /* Assets.xcassets in Resources */,
			);
			runOnlyForDeploymentPostprocessing = 0;
		};
		EF810C0827CF20FA00E51723 /* Resources */ = {
			isa = PBXResourcesBuildPhase;
			buildActionMask = 2147483647;
			files = (
			);
			runOnlyForDeploymentPostprocessing = 0;
		};
		EF810C1227CF20FA00E51723 /* Resources */ = {
			isa = PBXResourcesBuildPhase;
			buildActionMask = 2147483647;
			files = (
			);
			runOnlyForDeploymentPostprocessing = 0;
		};
/* End PBXResourcesBuildPhase section */

/* Begin PBXSourcesBuildPhase section */
		EF810BF027CF20F800E51723 /* Sources */ = {
			isa = PBXSourcesBuildPhase;
			buildActionMask = 2147483647;
			files = (
				EF810C2C27CF73C300E51723 /* ContactCell.swift in Sources */,
				EF810C2A27CF6E8000E51723 /* ExpandableNames.swift in Sources */,
				EF810BFC27CF20F800E51723 /* ViewController.swift in Sources */,
				EF810BF827CF20F800E51723 /* AppDelegate.swift in Sources */,
				EF810BFA27CF20F800E51723 /* SceneDelegate.swift in Sources */,
			);
			runOnlyForDeploymentPostprocessing = 0;
		};
		EF810C0627CF20FA00E51723 /* Sources */ = {
			isa = PBXSourcesBuildPhase;
			buildActionMask = 2147483647;
			files = (
				EF810C0F27CF20FA00E51723 /* CustomTableViewTests.swift in Sources */,
			);
			runOnlyForDeploymentPostprocessing = 0;
		};
		EF810C1027CF20FA00E51723 /* Sources */ = {
			isa = PBXSourcesBuildPhase;
			buildActionMask = 2147483647;
			files = (
				EF810C1927CF20FA00E51723 /* CustomTableViewUITests.swift in Sources */,
				EF810C1B27CF20FA00E51723 /* CustomTableViewUITestsLaunchTests.swift in Sources */,
			);
			runOnlyForDeploymentPostprocessing = 0;
		};
/* End PBXSourcesBuildPhase section */

/* Begin PBXTargetDependency section */
		EF810C0C27CF20FA00E51723 /* PBXTargetDependency */ = {
			isa = PBXTargetDependency;
			target = EF810BF327CF20F800E51723 /* CustomTableView */;
			targetProxy = EF810C0B27CF20FA00E51723 /* PBXContainerItemProxy */;
		};
		EF810C1627CF20FA00E51723 /* PBXTargetDependency */ = {
			isa = PBXTargetDependency;
			target = EF810BF327CF20F800E51723 /* CustomTableView */;
			targetProxy = EF810C1527CF20FA00E51723 /* PBXContainerItemProxy */;
		};
/* End PBXTargetDependency section */

/* Begin PBXVariantGroup section */
		EF810C0227CF20F900E51723 /* LaunchScreen.storyboard */ = {
			isa = PBXVariantGroup;
			children = (
				EF810C0327CF20F900E51723 /* Base */,
			);
			name = LaunchScreen.storyboard;
			sourceTree = "<group>";
		};
/* End PBXVariantGroup section */

/* Begin XCBuildConfiguration section */
		EF810C1C27CF20FA00E51723 /* Debug */ = {
			isa = XCBuildConfiguration;
			buildSettings = {
				ALWAYS_SEARCH_USER_PATHS = NO;
				CLANG_ANALYZER_NONNULL = YES;
				CLANG_ANALYZER_NUMBER_OBJECT_CONVERSION = YES_AGGRESSIVE;
				CLANG_CXX_LANGUAGE_STANDARD = "gnu++17";
				CLANG_CXX_LIBRARY = "libc++";
				CLANG_ENABLE_MODULES = YES;
				CLANG_ENABLE_OBJC_ARC = YES;
				CLANG_ENABLE_OBJC_WEAK = YES;
				CLANG_WARN_BLOCK_CAPTURE_AUTORELEASING = YES;
				CLANG_WARN_BOOL_CONVERSION = YES;
				CLANG_WARN_COMMA = YES;
				CLANG_WARN_CONSTANT_CONVERSION = YES;
				CLANG_WARN_DEPRECATED_OBJC_IMPLEMENTATIONS = YES;
				CLANG_WARN_DIRECT_OBJC_ISA_USAGE = YES_ERROR;
				CLANG_WARN_DOCUMENTATION_COMMENTS = YES;
				CLANG_WARN_EMPTY_BODY = YES;
				CLANG_WARN_ENUM_CONVERSION = YES;
				CLANG_WARN_INFINITE_RECURSION = YES;
				CLANG_WARN_INT_CONVERSION = YES;
				CLANG_WARN_NON_LITERAL_NULL_CONVERSION = YES;
				CLANG_WARN_OBJC_IMPLICIT_RETAIN_SELF = YES;
				CLANG_WARN_OBJC_LITERAL_CONVERSION = YES;
				CLANG_WARN_OBJC_ROOT_CLASS = YES_ERROR;
				CLANG_WARN_QUOTED_INCLUDE_IN_FRAMEWORK_HEADER = YES;
				CLANG_WARN_RANGE_LOOP_ANALYSIS = YES;
				CLANG_WARN_STRICT_PROTOTYPES = YES;
				CLANG_WARN_SUSPICIOUS_MOVE = YES;
				CLANG_WARN_UNGUARDED_AVAILABILITY = YES_AGGRESSIVE;
				CLANG_WARN_UNREACHABLE_CODE = YES;
				CLANG_WARN__DUPLICATE_METHOD_MATCH = YES;
				COPY_PHASE_STRIP = NO;
				DEBUG_INFORMATION_FORMAT = dwarf;
				ENABLE_STRICT_OBJC_MSGSEND = YES;
				ENABLE_TESTABILITY = YES;
				GCC_C_LANGUAGE_STANDARD = gnu11;
				GCC_DYNAMIC_NO_PIC = NO;
				GCC_NO_COMMON_BLOCKS = YES;
				GCC_OPTIMIZATION_LEVEL = 0;
				GCC_PREPROCESSOR_DEFINITIONS = (
					"DEBUG=1",
					"$(inherited)",
				);
				GCC_WARN_64_TO_32_BIT_CONVERSION = YES;
				GCC_WARN_ABOUT_RETURN_TYPE = YES_ERROR;
				GCC_WARN_UNDECLARED_SELECTOR = YES;
				GCC_WARN_UNINITIALIZED_AUTOS = YES_AGGRESSIVE;
				GCC_WARN_UNUSED_FUNCTION = YES;
				GCC_WARN_UNUSED_VARIABLE = YES;
				IPHONEOS_DEPLOYMENT_TARGET = 15.2;
				MTL_ENABLE_DEBUG_INFO = INCLUDE_SOURCE;
				MTL_FAST_MATH = YES;
				ONLY_ACTIVE_ARCH = YES;
				SDKROOT = iphoneos;
				SWIFT_ACTIVE_COMPILATION_CONDITIONS = DEBUG;
				SWIFT_OPTIMIZATION_LEVEL = "-Onone";
			};
			name = Debug;
		};
		EF810C1D27CF20FA00E51723 /* Release */ = {
			isa = XCBuildConfiguration;
			buildSettings = {
				ALWAYS_SEARCH_USER_PATHS = NO;
				CLANG_ANALYZER_NONNULL = YES;
				CLANG_ANALYZER_NUMBER_OBJECT_CONVERSION = YES_AGGRESSIVE;
				CLANG_CXX_LANGUAGE_STANDARD = "gnu++17";
				CLANG_CXX_LIBRARY = "libc++";
				CLANG_ENABLE_MODULES = YES;
				CLANG_ENABLE_OBJC_ARC = YES;
				CLANG_ENABLE_OBJC_WEAK = YES;
				CLANG_WARN_BLOCK_CAPTURE_AUTORELEASING = YES;
				CLANG_WARN_BOOL_CONVERSION = YES;
				CLANG_WARN_COMMA = YES;
				CLANG_WARN_CONSTANT_CONVERSION = YES;
				CLANG_WARN_DEPRECATED_OBJC_IMPLEMENTATIONS = YES;
				CLANG_WARN_DIRECT_OBJC_ISA_USAGE = YES_ERROR;
				CLANG_WARN_DOCUMENTATION_COMMENTS = YES;
				CLANG_WARN_EMPTY_BODY = YES;
				CLANG_WARN_ENUM_CONVERSION = YES;
				CLANG_WARN_INFINITE_RECURSION = YES;
				CLANG_WARN_INT_CONVERSION = YES;
				CLANG_WARN_NON_LITERAL_NULL_CONVERSION = YES;
				CLANG_WARN_OBJC_IMPLICIT_RETAIN_SELF = YES;
				CLANG_WARN_OBJC_LITERAL_CONVERSION = YES;
				CLANG_WARN_OBJC_ROOT_CLASS = YES_ERROR;
				CLANG_WARN_QUOTED_INCLUDE_IN_FRAMEWORK_HEADER = YES;
				CLANG_WARN_RANGE_LOOP_ANALYSIS = YES;
				CLANG_WARN_STRICT_PROTOTYPES = YES;
				CLANG_WARN_SUSPICIOUS_MOVE = YES;
				CLANG_WARN_UNGUARDED_AVAILABILITY = YES_AGGRESSIVE;
				CLANG_WARN_UNREACHABLE_CODE = YES;
				CLANG_WARN__DUPLICATE_METHOD_MATCH = YES;
				COPY_PHASE_STRIP = NO;
				DEBUG_INFORMATION_FORMAT = "dwarf-with-dsym";
				ENABLE_NS_ASSERTIONS = NO;
				ENABLE_STRICT_OBJC_MSGSEND = YES;
				GCC_C_LANGUAGE_STANDARD = gnu11;
				GCC_NO_COMMON_BLOCKS = YES;
				GCC_WARN_64_TO_32_BIT_CONVERSION = YES;
				GCC_WARN_ABOUT_RETURN_TYPE = YES_ERROR;
				GCC_WARN_UNDECLARED_SELECTOR = YES;
				GCC_WARN_UNINITIALIZED_AUTOS = YES_AGGRESSIVE;
				GCC_WARN_UNUSED_FUNCTION = YES;
				GCC_WARN_UNUSED_VARIABLE = YES;
				IPHONEOS_DEPLOYMENT_TARGET = 15.2;
				MTL_ENABLE_DEBUG_INFO = NO;
				MTL_FAST_MATH = YES;
				SDKROOT = iphoneos;
				SWIFT_COMPILATION_MODE = wholemodule;
				SWIFT_OPTIMIZATION_LEVEL = "-O";
				VALIDATE_PRODUCT = YES;
			};
			name = Release;
		};
		EF810C1F27CF20FA00E51723 /* Debug */ = {
			isa = XCBuildConfiguration;
			buildSettings = {
				ASSETCATALOG_COMPILER_APPICON_NAME = AppIcon;
				ASSETCATALOG_COMPILER_GLOBAL_ACCENT_COLOR_NAME = AccentColor;
				CODE_SIGN_STYLE = Automatic;
				CURRENT_PROJECT_VERSION = 1;
				DEVELOPMENT_TEAM = 3M4ZHSH953;
				GENERATE_INFOPLIST_FILE = YES;
				INFOPLIST_FILE = CustomTableView/Info.plist;
				INFOPLIST_KEY_NSMainNibFile = Main;
				INFOPLIST_KEY_UIApplicationSupportsIndirectInputEvents = YES;
				INFOPLIST_KEY_UILaunchStoryboardName = LaunchScreen;
				INFOPLIST_KEY_UISupportedInterfaceOrientations_iPad = "UIInterfaceOrientationPortrait UIInterfaceOrientationPortraitUpsideDown UIInterfaceOrientationLandscapeLeft UIInterfaceOrientationLandscapeRight";
				INFOPLIST_KEY_UISupportedInterfaceOrientations_iPhone = "UIInterfaceOrientationPortrait UIInterfaceOrientationLandscapeLeft UIInterfaceOrientationLandscapeRight";
				LD_RUNPATH_SEARCH_PATHS = (
					"$(inherited)",
					"@executable_path/Frameworks",
				);
				MARKETING_VERSION = 1.0;
				PRODUCT_BUNDLE_IDENTIFIER = learning.abhishek.CustomTableView;
				PRODUCT_NAME = "$(TARGET_NAME)";
				SWIFT_EMIT_LOC_STRINGS = YES;
				SWIFT_VERSION = 5.0;
				TARGETED_DEVICE_FAMILY = "1,2";
			};
			name = Debug;
		};
		EF810C2027CF20FA00E51723 /* Release */ = {
			isa = XCBuildConfiguration;
			buildSettings = {
				ASSETCATALOG_COMPILER_APPICON_NAME = AppIcon;
				ASSETCATALOG_COMPILER_GLOBAL_ACCENT_COLOR_NAME = AccentColor;
				CODE_SIGN_STYLE = Automatic;
				CURRENT_PROJECT_VERSION = 1;
				DEVELOPMENT_TEAM = 3M4ZHSH953;
				GENERATE_INFOPLIST_FILE = YES;
				INFOPLIST_FILE = CustomTableView/Info.plist;
				INFOPLIST_KEY_NSMainNibFile = Main;
				INFOPLIST_KEY_UIApplicationSupportsIndirectInputEvents = YES;
				INFOPLIST_KEY_UILaunchStoryboardName = LaunchScreen;
				INFOPLIST_KEY_UISupportedInterfaceOrientations_iPad = "UIInterfaceOrientationPortrait UIInterfaceOrientationPortraitUpsideDown UIInterfaceOrientationLandscapeLeft UIInterfaceOrientationLandscapeRight";
				INFOPLIST_KEY_UISupportedInterfaceOrientations_iPhone = "UIInterfaceOrientationPortrait UIInterfaceOrientationLandscapeLeft UIInterfaceOrientationLandscapeRight";
				LD_RUNPATH_SEARCH_PATHS = (
					"$(inherited)",
					"@executable_path/Frameworks",
				);
				MARKETING_VERSION = 1.0;
				PRODUCT_BUNDLE_IDENTIFIER = learning.abhishek.CustomTableView;
				PRODUCT_NAME = "$(TARGET_NAME)";
				SWIFT_EMIT_LOC_STRINGS = YES;
				SWIFT_VERSION = 5.0;
				TARGETED_DEVICE_FAMILY = "1,2";
			};
			name = Release;
		};
		EF810C2227CF20FA00E51723 /* Debug */ = {
			isa = XCBuildConfiguration;
			buildSettings = {
				ALWAYS_EMBED_SWIFT_STANDARD_LIBRARIES = YES;
				BUNDLE_LOADER = "$(TEST_HOST)";
				CODE_SIGN_STYLE = Automatic;
				CURRENT_PROJECT_VERSION = 1;
				DEVELOPMENT_TEAM = 3M4ZHSH953;
				GENERATE_INFOPLIST_FILE = YES;
				IPHONEOS_DEPLOYMENT_TARGET = 15.2;
				MARKETING_VERSION = 1.0;
				PRODUCT_BUNDLE_IDENTIFIER = learning.abhishek.CustomTableViewTests;
				PRODUCT_NAME = "$(TARGET_NAME)";
				SWIFT_EMIT_LOC_STRINGS = NO;
				SWIFT_VERSION = 5.0;
				TARGETED_DEVICE_FAMILY = "1,2";
				TEST_HOST = "$(BUILT_PRODUCTS_DIR)/CustomTableView.app/CustomTableView";
			};
			name = Debug;
		};
		EF810C2327CF20FA00E51723 /* Release */ = {
			isa = XCBuildConfiguration;
			buildSettings = {
				ALWAYS_EMBED_SWIFT_STANDARD_LIBRARIES = YES;
				BUNDLE_LOADER = "$(TEST_HOST)";
				CODE_SIGN_STYLE = Automatic;
				CURRENT_PROJECT_VERSION = 1;
				DEVELOPMENT_TEAM = 3M4ZHSH953;
				GENERATE_INFOPLIST_FILE = YES;
				IPHONEOS_DEPLOYMENT_TARGET = 15.2;
				MARKETING_VERSION = 1.0;
				PRODUCT_BUNDLE_IDENTIFIER = learning.abhishek.CustomTableViewTests;
				PRODUCT_NAME = "$(TARGET_NAME)";
				SWIFT_EMIT_LOC_STRINGS = NO;
				SWIFT_VERSION = 5.0;
				TARGETED_DEVICE_FAMILY = "1,2";
				TEST_HOST = "$(BUILT_PRODUCTS_DIR)/CustomTableView.app/CustomTableView";
			};
			name = Release;
		};
		EF810C2527CF20FA00E51723 /* Debug */ = {
			isa = XCBuildConfiguration;
			buildSettings = {
				ALWAYS_EMBED_SWIFT_STANDARD_LIBRARIES = YES;
				CODE_SIGN_STYLE = Automatic;
				CURRENT_PROJECT_VERSION = 1;
				DEVELOPMENT_TEAM = 3M4ZHSH953;
				GENERATE_INFOPLIST_FILE = YES;
				MARKETING_VERSION = 1.0;
				PRODUCT_BUNDLE_IDENTIFIER = learning.abhishek.CustomTableViewUITests;
				PRODUCT_NAME = "$(TARGET_NAME)";
				SWIFT_EMIT_LOC_STRINGS = NO;
				SWIFT_VERSION = 5.0;
				TARGETED_DEVICE_FAMILY = "1,2";
				TEST_TARGET_NAME = CustomTableView;
			};
			name = Debug;
		};
		EF810C2627CF20FA00E51723 /* Release */ = {
			isa = XCBuildConfiguration;
			buildSettings = {
				ALWAYS_EMBED_SWIFT_STANDARD_LIBRARIES = YES;
				CODE_SIGN_STYLE = Automatic;
				CURRENT_PROJECT_VERSION = 1;
				DEVELOPMENT_TEAM = 3M4ZHSH953;
				GENERATE_INFOPLIST_FILE = YES;
				MARKETING_VERSION = 1.0;
				PRODUCT_BUNDLE_IDENTIFIER = learning.abhishek.CustomTableViewUITests;
				PRODUCT_NAME = "$(TARGET_NAME)";
				SWIFT_EMIT_LOC_STRINGS = NO;
				SWIFT_VERSION = 5.0;
				TARGETED_DEVICE_FAMILY = "1,2";
				TEST_TARGET_NAME = CustomTableView;
			};
			name = Release;
		};
/* End XCBuildConfiguration section */

/* Begin XCConfigurationList section */
		EF810BEF27CF20F800E51723 /* Build configuration list for PBXProject "CustomTableView" */ = {
			isa = XCConfigurationList;
			buildConfigurations = (
				EF810C1C27CF20FA00E51723 /* Debug */,
				EF810C1D27CF20FA00E51723 /* Release */,
			);
			defaultConfigurationIsVisible = 0;
			defaultConfigurationName = Release;
		};
		EF810C1E27CF20FA00E51723 /* Build configuration list for PBXNativeTarget "CustomTableView" */ = {
			isa = XCConfigurationList;
			buildConfigurations = (
				EF810C1F27CF20FA00E51723 /* Debug */,
				EF810C2027CF20FA00E51723 /* Release */,
			);
			defaultConfigurationIsVisible = 0;
			defaultConfigurationName = Release;
		};
		EF810C2127CF20FA00E51723 /* Build configuration list for PBXNativeTarget "CustomTableViewTests" */ = {
			isa = XCConfigurationList;
			buildConfigurations = (
				EF810C2227CF20FA00E51723 /* Debug */,
				EF810C2327CF20FA00E51723 /* Release */,
			);
			defaultConfigurationIsVisible = 0;
			defaultConfigurationName = Release;
		};
		EF810C2427CF20FA00E51723 /* Build configuration list for PBXNativeTarget "CustomTableViewUITests" */ = {
			isa = XCConfigurationList;
			buildConfigurations = (
				EF810C2527CF20FA00E51723 /* Debug */,
				EF810C2627CF20FA00E51723 /* Release */,
			);
			defaultConfigurationIsVisible = 0;
			defaultConfigurationName = Release;
		};
/* End XCConfigurationList section */
	};
	rootObject = EF810BEC27CF20F800E51723 /* Project object */;
}
